
Microsoft Visual Studio Solution File, Format Version 12.00
# Visual Studio Version 17
VisualStudioVersion = 17.4.33122.133
MinimumVisualStudioVersion = 10.0.40219.1
Project("{FAE04EC0-301F-11D3-BF4B-00C04F79EFBC}") = "BelyegProjekt", "BelyegProjekt\BelyegProjekt.csproj", "{CA8A4135-E5EE-44C8-BDC3-84526B544527}"
EndProject
Global
	GlobalSection(SolutionConfigurationPlatforms) = preSolution
		Debug|Any CPU = Debug|Any CPU
		Release|Any CPU = Release|Any CPU
	EndGlobalSection
	GlobalSection(ProjectConfigurationPlatforms) = postSolution
		{CA8A4135-E5EE-44C8-BDC3-84526B544527}.Debug|Any CPU.ActiveCfg = Debug|Any CPU
		{CA8A4135-E5EE-44C8-BDC3-84526B544527}.Debug|Any CPU.Build.0 = Debug|Any CPU
		{CA8A4135-E5EE-44C8-BDC3-84526B544527}.Release|Any CPU.ActiveCfg = Release|Any CPU
		{CA8A4135-E5EE-44C8-BDC3-84526B544527}.Release|Any CPU.Build.0 = Release|Any CPU
	EndGlobalSection
	GlobalSection(SolutionProperties) = preSolution
		HideSolutionNode = FALSE
	EndGlobalSection
	GlobalSection(ExtensibilityGlobals) = postSolution
		SolutionGuid = {3318B6F6-7434-43A7-873A-58CF6078B68F}
	EndGlobalSection
EndGlobal
